
Microsoft Visual Studio Solution File, Format Version 12.00
# Visual Studio Version 17
VisualStudioVersion = 17.4.33205.214
MinimumVisualStudioVersion = 10.0.40219.1
Project("{888888A0-9F3D-457C-B088-3A5042F75D52}") = "töövigadeotsing2", "töövigadeotsing2\töövigadeotsing2.pyproj", "{13D7ADD6-4BC6-4C26-985A-B36B43AF3D7B}"
EndProject
Global
	GlobalSection(SolutionConfigurationPlatforms) = preSolution
		Debug|Any CPU = Debug|Any CPU
		Release|Any CPU = Release|Any CPU
	EndGlobalSection
	GlobalSection(ProjectConfigurationPlatforms) = postSolution
		{13D7ADD6-4BC6-4C26-985A-B36B43AF3D7B}.Debug|Any CPU.ActiveCfg = Debug|Any CPU
		{13D7ADD6-4BC6-4C26-985A-B36B43AF3D7B}.Release|Any CPU.ActiveCfg = Release|Any CPU
	EndGlobalSection
	GlobalSection(SolutionProperties) = preSolution
		HideSolutionNode = FALSE
	EndGlobalSection
	GlobalSection(ExtensibilityGlobals) = postSolution
		SolutionGuid = {697C52B3-DBD7-4DAA-9AB8-EEE785D928AE}
	EndGlobalSection
EndGlobal
